
Microsoft Visual Studio Solution File, Format Version 12.00
# Visual Studio Version 17
VisualStudioVersion = 17.7.34009.444
MinimumVisualStudioVersion = 10.0.40219.1
Project("{FAE04EC0-301F-11D3-BF4B-00C04F79EFBC}") = "CryptographyByAESAlgorithm", "CryptographyByAESAlgorithm\CryptographyByAESAlgorithm.csproj", "{6ED143DE-E2B9-4267-9229-816B59DAC317}"
EndProject
Global
	GlobalSection(SolutionConfigurationPlatforms) = preSolution
		Debug|Any CPU = Debug|Any CPU
		Release|Any CPU = Release|Any CPU
	EndGlobalSection
	GlobalSection(ProjectConfigurationPlatforms) = postSolution
		{6ED143DE-E2B9-4267-9229-816B59DAC317}.Debug|Any CPU.ActiveCfg = Debug|Any CPU
		{6ED143DE-E2B9-4267-9229-816B59DAC317}.Debug|Any CPU.Build.0 = Debug|Any CPU
		{6ED143DE-E2B9-4267-9229-816B59DAC317}.Release|Any CPU.ActiveCfg = Release|Any CPU
		{6ED143DE-E2B9-4267-9229-816B59DAC317}.Release|Any CPU.Build.0 = Release|Any CPU
	EndGlobalSection
	GlobalSection(SolutionProperties) = preSolution
		HideSolutionNode = FALSE
	EndGlobalSection
	GlobalSection(ExtensibilityGlobals) = postSolution
		SolutionGuid = {C44FF4E1-E005-4F65-A46A-E57051FF3A4B}
	EndGlobalSection
EndGlobal
